
Microsoft Visual Studio Solution File, Format Version 12.00
# Visual Studio 14
VisualStudioVersion = 14.0.25420.1
MinimumVisualStudioVersion = 10.0.40219.1
Project("{FAE04EC0-301F-11D3-BF4B-00C04F79EFBC}") = "TCP_Client_File", "TCP_Client_File\TCP_Client_File.csproj", "{3E7670D8-83DF-4117-A1F6-88308F4A9ABD}"
EndProject
Global
	GlobalSection(SolutionConfigurationPlatforms) = preSolution
		Debug|Any CPU = Debug|Any CPU
		Release|Any CPU = Release|Any CPU
	EndGlobalSection
	GlobalSection(ProjectConfigurationPlatforms) = postSolution
		{3E7670D8-83DF-4117-A1F6-88308F4A9ABD}.Debug|Any CPU.ActiveCfg = Debug|Any CPU
		{3E7670D8-83DF-4117-A1F6-88308F4A9ABD}.Debug|Any CPU.Build.0 = Debug|Any CPU
		{3E7670D8-83DF-4117-A1F6-88308F4A9ABD}.Release|Any CPU.ActiveCfg = Release|Any CPU
		{3E7670D8-83DF-4117-A1F6-88308F4A9ABD}.Release|Any CPU.Build.0 = Release|Any CPU
	EndGlobalSection
	GlobalSection(SolutionProperties) = preSolution
		HideSolutionNode = FALSE
	EndGlobalSection
EndGlobal
